
Microsoft Visual Studio Solution File, Format Version 12.00
# Visual Studio Version 16
VisualStudioVersion = 16.0.31702.278
MinimumVisualStudioVersion = 10.0.40219.1
Project("{FAE04EC0-301F-11D3-BF4B-00C04F79EFBC}") = "PasswordBoxTest", "PasswordBoxTest\PasswordBoxTest.csproj", "{552EF47F-8EDB-4C59-A27A-3A14473FE5DA}"
EndProject
Global
	GlobalSection(SolutionConfigurationPlatforms) = preSolution
		Debug|Any CPU = Debug|Any CPU
		Release|Any CPU = Release|Any CPU
	EndGlobalSection
	GlobalSection(ProjectConfigurationPlatforms) = postSolution
		{552EF47F-8EDB-4C59-A27A-3A14473FE5DA}.Debug|Any CPU.ActiveCfg = Debug|Any CPU
		{552EF47F-8EDB-4C59-A27A-3A14473FE5DA}.Debug|Any CPU.Build.0 = Debug|Any CPU
		{552EF47F-8EDB-4C59-A27A-3A14473FE5DA}.Release|Any CPU.ActiveCfg = Release|Any CPU
		{552EF47F-8EDB-4C59-A27A-3A14473FE5DA}.Release|Any CPU.Build.0 = Release|Any CPU
	EndGlobalSection
	GlobalSection(SolutionProperties) = preSolution
		HideSolutionNode = FALSE
	EndGlobalSection
	GlobalSection(ExtensibilityGlobals) = postSolution
		SolutionGuid = {6FC156A3-B914-4BAA-BDCB-697710681F01}
	EndGlobalSection
EndGlobal
