
Microsoft Visual Studio Solution File, Format Version 12.00
# Visual Studio Version 16
VisualStudioVersion = 16.0.31702.278
MinimumVisualStudioVersion = 10.0.40219.1
Project("{FAE04EC0-301F-11D3-BF4B-00C04F79EFBC}") = "RESAS_Test", "RESAS_Test\RESAS_Test.csproj", "{C9D0282A-F20D-4363-A7AA-F0395BC735B9}"
EndProject
Global
	GlobalSection(SolutionConfigurationPlatforms) = preSolution
		Debug|Any CPU = Debug|Any CPU
		Release|Any CPU = Release|Any CPU
	EndGlobalSection
	GlobalSection(ProjectConfigurationPlatforms) = postSolution
		{C9D0282A-F20D-4363-A7AA-F0395BC735B9}.Debug|Any CPU.ActiveCfg = Debug|Any CPU
		{C9D0282A-F20D-4363-A7AA-F0395BC735B9}.Debug|Any CPU.Build.0 = Debug|Any CPU
		{C9D0282A-F20D-4363-A7AA-F0395BC735B9}.Release|Any CPU.ActiveCfg = Release|Any CPU
		{C9D0282A-F20D-4363-A7AA-F0395BC735B9}.Release|Any CPU.Build.0 = Release|Any CPU
	EndGlobalSection
	GlobalSection(SolutionProperties) = preSolution
		HideSolutionNode = FALSE
	EndGlobalSection
	GlobalSection(ExtensibilityGlobals) = postSolution
		SolutionGuid = {74069785-5728-46F5-B578-6A93229D603C}
	EndGlobalSection
EndGlobal
