
Microsoft Visual Studio Solution File, Format Version 12.00
# Visual Studio Version 16
VisualStudioVersion = 16.0.30104.148
MinimumVisualStudioVersion = 10.0.40219.1
Project("{FAE04EC0-301F-11D3-BF4B-00C04F79EFBC}") = "FixedDecimalPointTextBoxSample", "FixedDecimalPointTextBoxSample\FixedDecimalPointTextBoxSample.csproj", "{314F517A-FC0A-4C6F-85A6-5784E1933744}"
EndProject
Global
	GlobalSection(SolutionConfigurationPlatforms) = preSolution
		Debug|Any CPU = Debug|Any CPU
		Release|Any CPU = Release|Any CPU
	EndGlobalSection
	GlobalSection(ProjectConfigurationPlatforms) = postSolution
		{314F517A-FC0A-4C6F-85A6-5784E1933744}.Debug|Any CPU.ActiveCfg = Debug|Any CPU
		{314F517A-FC0A-4C6F-85A6-5784E1933744}.Debug|Any CPU.Build.0 = Debug|Any CPU
		{314F517A-FC0A-4C6F-85A6-5784E1933744}.Release|Any CPU.ActiveCfg = Release|Any CPU
		{314F517A-FC0A-4C6F-85A6-5784E1933744}.Release|Any CPU.Build.0 = Release|Any CPU
	EndGlobalSection
	GlobalSection(SolutionProperties) = preSolution
		HideSolutionNode = FALSE
	EndGlobalSection
	GlobalSection(ExtensibilityGlobals) = postSolution
		SolutionGuid = {0E46C2BB-B48E-417B-AE8A-49CD2478974C}
	EndGlobalSection
EndGlobal
