
Microsoft Visual Studio Solution File, Format Version 12.00
# Visual Studio Version 16
VisualStudioVersion = 16.0.30104.148
MinimumVisualStudioVersion = 10.0.40219.1
Project("{FAE04EC0-301F-11D3-BF4B-00C04F79EFBC}") = "DataGridCustomCheckBoxTest", "DataGridCustomCheckBoxTest\DataGridCustomCheckBoxTest.csproj", "{31B54CBB-6667-4794-8B65-4F941B326C5F}"
EndProject
Global
	GlobalSection(SolutionConfigurationPlatforms) = preSolution
		Debug|Any CPU = Debug|Any CPU
		Release|Any CPU = Release|Any CPU
	EndGlobalSection
	GlobalSection(ProjectConfigurationPlatforms) = postSolution
		{31B54CBB-6667-4794-8B65-4F941B326C5F}.Debug|Any CPU.ActiveCfg = Debug|Any CPU
		{31B54CBB-6667-4794-8B65-4F941B326C5F}.Debug|Any CPU.Build.0 = Debug|Any CPU
		{31B54CBB-6667-4794-8B65-4F941B326C5F}.Release|Any CPU.ActiveCfg = Release|Any CPU
		{31B54CBB-6667-4794-8B65-4F941B326C5F}.Release|Any CPU.Build.0 = Release|Any CPU
	EndGlobalSection
	GlobalSection(SolutionProperties) = preSolution
		HideSolutionNode = FALSE
	EndGlobalSection
	GlobalSection(ExtensibilityGlobals) = postSolution
		SolutionGuid = {3F1AA1F5-95FD-4941-AC98-41B5D65EB677}
	EndGlobalSection
EndGlobal
