
Microsoft Visual Studio Solution File, Format Version 12.00
# Visual Studio Version 16
VisualStudioVersion = 16.0.29613.14
MinimumVisualStudioVersion = 10.0.40219.1
Project("{FAE04EC0-301F-11D3-BF4B-00C04F79EFBC}") = "DataGridColumnPositionSaveSample", "DataGridColumnPositionSaveSample\DataGridColumnPositionSaveSample.csproj", "{19A01709-8195-4030-9A27-07085913C8BB}"
EndProject
Global
	GlobalSection(SolutionConfigurationPlatforms) = preSolution
		Debug|Any CPU = Debug|Any CPU
		Release|Any CPU = Release|Any CPU
	EndGlobalSection
	GlobalSection(ProjectConfigurationPlatforms) = postSolution
		{19A01709-8195-4030-9A27-07085913C8BB}.Debug|Any CPU.ActiveCfg = Debug|Any CPU
		{19A01709-8195-4030-9A27-07085913C8BB}.Debug|Any CPU.Build.0 = Debug|Any CPU
		{19A01709-8195-4030-9A27-07085913C8BB}.Release|Any CPU.ActiveCfg = Release|Any CPU
		{19A01709-8195-4030-9A27-07085913C8BB}.Release|Any CPU.Build.0 = Release|Any CPU
	EndGlobalSection
	GlobalSection(SolutionProperties) = preSolution
		HideSolutionNode = FALSE
	EndGlobalSection
	GlobalSection(ExtensibilityGlobals) = postSolution
		SolutionGuid = {429AE870-3562-4B0C-930A-1004CEA5A959}
	EndGlobalSection
EndGlobal
