
Microsoft Visual Studio Solution File, Format Version 12.00
# Visual Studio Version 17
VisualStudioVersion = 17.0.31919.166
MinimumVisualStudioVersion = 10.0.40219.1
Project("{FAE04EC0-301F-11D3-BF4B-00C04F79EFBC}") = "MultiThread-LockTest", "MultiThread-LockTest\MultiThread-LockTest.csproj", "{600FB41C-3DB6-4F08-B6BC-0DCD111F6255}"
EndProject
Global
	GlobalSection(SolutionConfigurationPlatforms) = preSolution
		Debug|Any CPU = Debug|Any CPU
		Release|Any CPU = Release|Any CPU
	EndGlobalSection
	GlobalSection(ProjectConfigurationPlatforms) = postSolution
		{600FB41C-3DB6-4F08-B6BC-0DCD111F6255}.Debug|Any CPU.ActiveCfg = Debug|Any CPU
		{600FB41C-3DB6-4F08-B6BC-0DCD111F6255}.Debug|Any CPU.Build.0 = Debug|Any CPU
		{600FB41C-3DB6-4F08-B6BC-0DCD111F6255}.Release|Any CPU.ActiveCfg = Release|Any CPU
		{600FB41C-3DB6-4F08-B6BC-0DCD111F6255}.Release|Any CPU.Build.0 = Release|Any CPU
	EndGlobalSection
	GlobalSection(SolutionProperties) = preSolution
		HideSolutionNode = FALSE
	EndGlobalSection
	GlobalSection(ExtensibilityGlobals) = postSolution
		SolutionGuid = {52AD30D2-3D6A-43F3-B735-92964C9A2E47}
	EndGlobalSection
EndGlobal
