
Microsoft Visual Studio Solution File, Format Version 12.00
# Blend for Visual Studio Version 16
VisualStudioVersion = 16.0.29613.14
MinimumVisualStudioVersion = 10.0.40219.1
Project("{FAE04EC0-301F-11D3-BF4B-00C04F79EFBC}") = "BlendIconSample", "BlendIconSample\BlendIconSample.csproj", "{574EB4A3-19C1-4B1F-8765-50AB12C09B14}"
EndProject
Global
	GlobalSection(SolutionConfigurationPlatforms) = preSolution
		Debug|Any CPU = Debug|Any CPU
		Release|Any CPU = Release|Any CPU
	EndGlobalSection
	GlobalSection(ProjectConfigurationPlatforms) = postSolution
		{574EB4A3-19C1-4B1F-8765-50AB12C09B14}.Debug|Any CPU.ActiveCfg = Debug|Any CPU
		{574EB4A3-19C1-4B1F-8765-50AB12C09B14}.Debug|Any CPU.Build.0 = Debug|Any CPU
		{574EB4A3-19C1-4B1F-8765-50AB12C09B14}.Release|Any CPU.ActiveCfg = Release|Any CPU
		{574EB4A3-19C1-4B1F-8765-50AB12C09B14}.Release|Any CPU.Build.0 = Release|Any CPU
	EndGlobalSection
	GlobalSection(SolutionProperties) = preSolution
		HideSolutionNode = FALSE
	EndGlobalSection
	GlobalSection(ExtensibilityGlobals) = postSolution
		SolutionGuid = {DF005896-97A4-4360-8E80-9B312DE097AD}
	EndGlobalSection
EndGlobal
