
Microsoft Visual Studio Solution File, Format Version 12.00
# Visual Studio Version 16
VisualStudioVersion = 16.0.29613.14
MinimumVisualStudioVersion = 10.0.40219.1
Project("{FAE04EC0-301F-11D3-BF4B-00C04F79EFBC}") = "RibbonMenuSample", "RibbonMenuSample\RibbonMenuSample.csproj", "{2DFC2672-D01C-4322-934C-430D6F2AC2F1}"
EndProject
Global
	GlobalSection(SolutionConfigurationPlatforms) = preSolution
		Debug|Any CPU = Debug|Any CPU
		Release|Any CPU = Release|Any CPU
	EndGlobalSection
	GlobalSection(ProjectConfigurationPlatforms) = postSolution
		{2DFC2672-D01C-4322-934C-430D6F2AC2F1}.Debug|Any CPU.ActiveCfg = Debug|Any CPU
		{2DFC2672-D01C-4322-934C-430D6F2AC2F1}.Debug|Any CPU.Build.0 = Debug|Any CPU
		{2DFC2672-D01C-4322-934C-430D6F2AC2F1}.Release|Any CPU.ActiveCfg = Release|Any CPU
		{2DFC2672-D01C-4322-934C-430D6F2AC2F1}.Release|Any CPU.Build.0 = Release|Any CPU
	EndGlobalSection
	GlobalSection(SolutionProperties) = preSolution
		HideSolutionNode = FALSE
	EndGlobalSection
	GlobalSection(ExtensibilityGlobals) = postSolution
		SolutionGuid = {50AABAAB-8F29-4354-A39D-9AD0ACAAF8B7}
	EndGlobalSection
EndGlobal
