
Microsoft Visual Studio Solution File, Format Version 12.00
# Visual Studio Version 17
VisualStudioVersion = 17.0.31919.166
MinimumVisualStudioVersion = 10.0.40219.1
Project("{FAE04EC0-301F-11D3-BF4B-00C04F79EFBC}") = "ToastTest", "ToastTest\ToastTest.csproj", "{B035976C-0B6F-48C2-B0ED-E33960C89B71}"
EndProject
Global
	GlobalSection(SolutionConfigurationPlatforms) = preSolution
		Debug|Any CPU = Debug|Any CPU
		Release|Any CPU = Release|Any CPU
	EndGlobalSection
	GlobalSection(ProjectConfigurationPlatforms) = postSolution
		{B035976C-0B6F-48C2-B0ED-E33960C89B71}.Debug|Any CPU.ActiveCfg = Debug|Any CPU
		{B035976C-0B6F-48C2-B0ED-E33960C89B71}.Debug|Any CPU.Build.0 = Debug|Any CPU
		{B035976C-0B6F-48C2-B0ED-E33960C89B71}.Release|Any CPU.ActiveCfg = Release|Any CPU
		{B035976C-0B6F-48C2-B0ED-E33960C89B71}.Release|Any CPU.Build.0 = Release|Any CPU
	EndGlobalSection
	GlobalSection(SolutionProperties) = preSolution
		HideSolutionNode = FALSE
	EndGlobalSection
	GlobalSection(ExtensibilityGlobals) = postSolution
		SolutionGuid = {7F9FB2E4-5F26-4A5F-9859-DAFBF88B38E7}
	EndGlobalSection
EndGlobal
