
Microsoft Visual Studio Solution File, Format Version 12.00
# Visual Studio Version 17
VisualStudioVersion = 17.2.32602.215
MinimumVisualStudioVersion = 10.0.40219.1
Project("{FAE04EC0-301F-11D3-BF4B-00C04F79EFBC}") = "JsonConverterTest", "JsonConverterTest\JsonConverterTest.csproj", "{1D6BC202-49DE-4A68-8262-AE8F35922AFF}"
EndProject
Global
	GlobalSection(SolutionConfigurationPlatforms) = preSolution
		Debug|Any CPU = Debug|Any CPU
		Release|Any CPU = Release|Any CPU
	EndGlobalSection
	GlobalSection(ProjectConfigurationPlatforms) = postSolution
		{1D6BC202-49DE-4A68-8262-AE8F35922AFF}.Debug|Any CPU.ActiveCfg = Debug|Any CPU
		{1D6BC202-49DE-4A68-8262-AE8F35922AFF}.Debug|Any CPU.Build.0 = Debug|Any CPU
		{1D6BC202-49DE-4A68-8262-AE8F35922AFF}.Release|Any CPU.ActiveCfg = Release|Any CPU
		{1D6BC202-49DE-4A68-8262-AE8F35922AFF}.Release|Any CPU.Build.0 = Release|Any CPU
	EndGlobalSection
	GlobalSection(SolutionProperties) = preSolution
		HideSolutionNode = FALSE
	EndGlobalSection
	GlobalSection(ExtensibilityGlobals) = postSolution
		SolutionGuid = {F602460D-FD3D-4835-97F1-6043EB44CC18}
	EndGlobalSection
EndGlobal
