
Microsoft Visual Studio Solution File, Format Version 12.00
# Visual Studio Version 16
VisualStudioVersion = 16.0.31313.79
MinimumVisualStudioVersion = 10.0.40219.1
Project("{FAE04EC0-301F-11D3-BF4B-00C04F79EFBC}") = "CoreAudioManager", "CoreAudioManager\CoreAudioManager.csproj", "{092A1354-79FA-4B2B-86BF-6664FB130BC0}"
EndProject
Global
	GlobalSection(SolutionConfigurationPlatforms) = preSolution
		Debug|Any CPU = Debug|Any CPU
		Release|Any CPU = Release|Any CPU
	EndGlobalSection
	GlobalSection(ProjectConfigurationPlatforms) = postSolution
		{092A1354-79FA-4B2B-86BF-6664FB130BC0}.Debug|Any CPU.ActiveCfg = Debug|Any CPU
		{092A1354-79FA-4B2B-86BF-6664FB130BC0}.Debug|Any CPU.Build.0 = Debug|Any CPU
		{092A1354-79FA-4B2B-86BF-6664FB130BC0}.Release|Any CPU.ActiveCfg = Release|Any CPU
		{092A1354-79FA-4B2B-86BF-6664FB130BC0}.Release|Any CPU.Build.0 = Release|Any CPU
	EndGlobalSection
	GlobalSection(SolutionProperties) = preSolution
		HideSolutionNode = FALSE
	EndGlobalSection
	GlobalSection(ExtensibilityGlobals) = postSolution
		SolutionGuid = {5DE6B381-761D-489A-8234-E5FEAB82B74D}
	EndGlobalSection
EndGlobal
