
Microsoft Visual Studio Solution File, Format Version 12.00
# Visual Studio Version 17
VisualStudioVersion = 17.0.31919.166
MinimumVisualStudioVersion = 10.0.40219.1
Project("{FAE04EC0-301F-11D3-BF4B-00C04F79EFBC}") = "RetryTest", "RetryTest\RetryTest.csproj", "{7470470F-5261-4366-8822-FD6DB167E182}"
EndProject
Project("{FAE04EC0-301F-11D3-BF4B-00C04F79EFBC}") = "TestProject", "TestProject\TestProject.csproj", "{9E8D000D-32F4-485B-A60E-FDA35B43B49E}"
EndProject
Global
	GlobalSection(SolutionConfigurationPlatforms) = preSolution
		Debug|Any CPU = Debug|Any CPU
		Release|Any CPU = Release|Any CPU
	EndGlobalSection
	GlobalSection(ProjectConfigurationPlatforms) = postSolution
		{7470470F-5261-4366-8822-FD6DB167E182}.Debug|Any CPU.ActiveCfg = Debug|Any CPU
		{7470470F-5261-4366-8822-FD6DB167E182}.Debug|Any CPU.Build.0 = Debug|Any CPU
		{7470470F-5261-4366-8822-FD6DB167E182}.Release|Any CPU.ActiveCfg = Release|Any CPU
		{7470470F-5261-4366-8822-FD6DB167E182}.Release|Any CPU.Build.0 = Release|Any CPU
		{9E8D000D-32F4-485B-A60E-FDA35B43B49E}.Debug|Any CPU.ActiveCfg = Debug|Any CPU
		{9E8D000D-32F4-485B-A60E-FDA35B43B49E}.Debug|Any CPU.Build.0 = Debug|Any CPU
		{9E8D000D-32F4-485B-A60E-FDA35B43B49E}.Release|Any CPU.ActiveCfg = Release|Any CPU
		{9E8D000D-32F4-485B-A60E-FDA35B43B49E}.Release|Any CPU.Build.0 = Release|Any CPU
	EndGlobalSection
	GlobalSection(SolutionProperties) = preSolution
		HideSolutionNode = FALSE
	EndGlobalSection
	GlobalSection(ExtensibilityGlobals) = postSolution
		SolutionGuid = {6C7A779C-6A85-4368-9383-FF4A808009A5}
	EndGlobalSection
EndGlobal
