
Microsoft Visual Studio Solution File, Format Version 12.00
# Visual Studio Version 17
VisualStudioVersion = 17.0.31919.166
MinimumVisualStudioVersion = 10.0.40219.1
Project("{FAE04EC0-301F-11D3-BF4B-00C04F79EFBC}") = "ExcelFileRead", "ExcelFileRead\ExcelFileRead.csproj", "{75305A33-C474-4835-89A4-F1D629246811}"
EndProject
Global
	GlobalSection(SolutionConfigurationPlatforms) = preSolution
		Debug|Any CPU = Debug|Any CPU
		Release|Any CPU = Release|Any CPU
	EndGlobalSection
	GlobalSection(ProjectConfigurationPlatforms) = postSolution
		{75305A33-C474-4835-89A4-F1D629246811}.Debug|Any CPU.ActiveCfg = Debug|Any CPU
		{75305A33-C474-4835-89A4-F1D629246811}.Debug|Any CPU.Build.0 = Debug|Any CPU
		{75305A33-C474-4835-89A4-F1D629246811}.Release|Any CPU.ActiveCfg = Release|Any CPU
		{75305A33-C474-4835-89A4-F1D629246811}.Release|Any CPU.Build.0 = Release|Any CPU
	EndGlobalSection
	GlobalSection(SolutionProperties) = preSolution
		HideSolutionNode = FALSE
	EndGlobalSection
	GlobalSection(ExtensibilityGlobals) = postSolution
		SolutionGuid = {60E7B4A1-4D2D-4C2B-A69F-6D0D2DC648FB}
	EndGlobalSection
EndGlobal
